
Microsoft Visual Studio Solution File, Format Version 12.00
# Visual Studio Version 16
VisualStudioVersion = 16.0.30907.101
MinimumVisualStudioVersion = 10.0.40219.1
Project("{2150E333-8FDC-42A3-9474-1A3956D46DE8}") = "Common", "Common", "{30173065-FD0E-4538-A60D-09F5A420E2CE}"
EndProject
Project("{2150E333-8FDC-42A3-9474-1A3956D46DE8}") = "UI", "UI", "{83452B2A-46E4-4846-A3E3-0AA950BF6617}"
EndProject
Project("{2150E333-8FDC-42A3-9474-1A3956D46DE8}") = "Services", "Services", "{AEDC2BB0-7B8F-4D78-8CD9-E40FC1654EDD}"
EndProject
Project("{9A19103F-16F7-4668-BE54-9A1E7A4F7556}") = "WebStore.Domain", "Common\WebStore.Domain\WebStore.Domain.csproj", "{1936D417-0038-4480-AB6A-71EAB9B38515}"
EndProject
Project("{9A19103F-16F7-4668-BE54-9A1E7A4F7556}") = "WebStore.DAL", "Services\WebStore.DAL\WebStore.DAL.csproj", "{EA0B37A2-E9B8-46FB-9DCD-9E9F93291AAF}"
EndProject
Project("{9A19103F-16F7-4668-BE54-9A1E7A4F7556}") = "WebStore", "UI\WebStore\WebStore.csproj", "{7C012734-5CD5-40C9-9FC6-D95DC684F179}"
EndProject
Project("{9A19103F-16F7-4668-BE54-9A1E7A4F7556}") = "WebStore.Interfaces", "Services\WebStore.Interfaces\WebStore.Interfaces.csproj", "{168DBF65-4775-47D1-926D-E055A4969D99}"
EndProject
Project("{9A19103F-16F7-4668-BE54-9A1E7A4F7556}") = "WebStore.Services", "Services\WebStore.Services\WebStore.Services.csproj", "{EF746C44-6ECE-4464-9AE9-47DABF777F7E}"
EndProject
Project("{FAE04EC0-301F-11D3-BF4B-00C04F79EFBC}") = "WebStore.ServiceHosting", "Services\WebStore.ServiceHosting\WebStore.ServiceHosting.csproj", "{C82555C2-D2AF-44F6-BCA7-6703D10F9CA6}"
EndProject
Global
	GlobalSection(SolutionConfigurationPlatforms) = preSolution
		Debug|Any CPU = Debug|Any CPU
		Release|Any CPU = Release|Any CPU
	EndGlobalSection
	GlobalSection(ProjectConfigurationPlatforms) = postSolution
		{1936D417-0038-4480-AB6A-71EAB9B38515}.Debug|Any CPU.ActiveCfg = Debug|Any CPU
		{1936D417-0038-4480-AB6A-71EAB9B38515}.Debug|Any CPU.Build.0 = Debug|Any CPU
		{1936D417-0038-4480-AB6A-71EAB9B38515}.Release|Any CPU.ActiveCfg = Release|Any CPU
		{1936D417-0038-4480-AB6A-71EAB9B38515}.Release|Any CPU.Build.0 = Release|Any CPU
		{EA0B37A2-E9B8-46FB-9DCD-9E9F93291AAF}.Debug|Any CPU.ActiveCfg = Debug|Any CPU
		{EA0B37A2-E9B8-46FB-9DCD-9E9F93291AAF}.Debug|Any CPU.Build.0 = Debug|Any CPU
		{EA0B37A2-E9B8-46FB-9DCD-9E9F93291AAF}.Release|Any CPU.ActiveCfg = Release|Any CPU
		{EA0B37A2-E9B8-46FB-9DCD-9E9F93291AAF}.Release|Any CPU.Build.0 = Release|Any CPU
		{7C012734-5CD5-40C9-9FC6-D95DC684F179}.Debug|Any CPU.ActiveCfg = Debug|Any CPU
		{7C012734-5CD5-40C9-9FC6-D95DC684F179}.Debug|Any CPU.Build.0 = Debug|Any CPU
		{7C012734-5CD5-40C9-9FC6-D95DC684F179}.Release|Any CPU.ActiveCfg = Release|Any CPU
		{7C012734-5CD5-40C9-9FC6-D95DC684F179}.Release|Any CPU.Build.0 = Release|Any CPU
		{168DBF65-4775-47D1-926D-E055A4969D99}.Debug|Any CPU.ActiveCfg = Debug|Any CPU
		{168DBF65-4775-47D1-926D-E055A4969D99}.Debug|Any CPU.Build.0 = Debug|Any CPU
		{168DBF65-4775-47D1-926D-E055A4969D99}.Release|Any CPU.ActiveCfg = Release|Any CPU
		{168DBF65-4775-47D1-926D-E055A4969D99}.Release|Any CPU.Build.0 = Release|Any CPU
		{EF746C44-6ECE-4464-9AE9-47DABF777F7E}.Debug|Any CPU.ActiveCfg = Debug|Any CPU
		{EF746C44-6ECE-4464-9AE9-47DABF777F7E}.Debug|Any CPU.Build.0 = Debug|Any CPU
		{EF746C44-6ECE-4464-9AE9-47DABF777F7E}.Release|Any CPU.ActiveCfg = Release|Any CPU
		{EF746C44-6ECE-4464-9AE9-47DABF777F7E}.Release|Any CPU.Build.0 = Release|Any CPU
		{C82555C2-D2AF-44F6-BCA7-6703D10F9CA6}.Debug|Any CPU.ActiveCfg = Debug|Any CPU
		{C82555C2-D2AF-44F6-BCA7-6703D10F9CA6}.Debug|Any CPU.Build.0 = Debug|Any CPU
		{C82555C2-D2AF-44F6-BCA7-6703D10F9CA6}.Release|Any CPU.ActiveCfg = Release|Any CPU
		{C82555C2-D2AF-44F6-BCA7-6703D10F9CA6}.Release|Any CPU.Build.0 = Release|Any CPU
	EndGlobalSection
	GlobalSection(SolutionProperties) = preSolution
		HideSolutionNode = FALSE
	EndGlobalSection
	GlobalSection(NestedProjects) = preSolution
		{1936D417-0038-4480-AB6A-71EAB9B38515} = {30173065-FD0E-4538-A60D-09F5A420E2CE}
		{EA0B37A2-E9B8-46FB-9DCD-9E9F93291AAF} = {AEDC2BB0-7B8F-4D78-8CD9-E40FC1654EDD}
		{7C012734-5CD5-40C9-9FC6-D95DC684F179} = {83452B2A-46E4-4846-A3E3-0AA950BF6617}
		{168DBF65-4775-47D1-926D-E055A4969D99} = {AEDC2BB0-7B8F-4D78-8CD9-E40FC1654EDD}
		{EF746C44-6ECE-4464-9AE9-47DABF777F7E} = {AEDC2BB0-7B8F-4D78-8CD9-E40FC1654EDD}
		{C82555C2-D2AF-44F6-BCA7-6703D10F9CA6} = {AEDC2BB0-7B8F-4D78-8CD9-E40FC1654EDD}
	EndGlobalSection
	GlobalSection(ExtensibilityGlobals) = postSolution
		SolutionGuid = {E78C5835-4374-4399-A7E0-2B7F0AB0BCE4}
	EndGlobalSection
EndGlobal
